[[package]]
category = "dev"
description = "A configurable sidebar-enabled Sphinx theme"
name = "alabaster"
optional = false
python-versions = "*"
version = "0.7.12"

[[package]]
category = "dev"
description = "Internationalization utilities"
name = "babel"
optional = false
python-versions = "*"
version = "2.5.3"

[package.dependencies]
pytz = ">=0a"

[[package]]
category = "dev"
description = "Python package for providing Mozilla's CA Bundle."
name = "certifi"
optional = false
python-versions = "*"
version = "2019.11.28"

[[package]]
category = "dev"
description = "Universal encoding detector for Python 2 and 3"
name = "chardet"
optional = false
python-versions = "*"
version = "3.0.4"

[[package]]
category = "dev"
description = "Cross-platform colored terminal text."
marker = "sys_platform == \"win32\""
name = "colorama"
optional = false
python-versions = "*"
version = "0.3.9"

[[package]]
category = "dev"
description = "Code coverage measurement for Python"
name = "coverage"
optional = false
python-versions = "*"
version = "4.4.2"

[[package]]
category = "main"
description = "A high-level Python Web framework that encourages rapid development and clean, pragmatic design."
name = "django"
optional = false
python-versions = "*"
version = "1.11.28"

[package.dependencies]
pytz = "*"

[package.extras]
argon2 = ["argon2-cffi (>=16.1.0)"]
bcrypt = ["bcrypt"]

[[package]]
category = "dev"
description = "Docutils -- Python Documentation Utilities"
name = "docutils"
optional = false
python-versions = "*"
version = "0.15"

[[package]]
category = "dev"
description = "Internationalized Domain Names in Applications (IDNA)"
name = "idna"
optional = false
python-versions = "*"
version = "2.6"

[[package]]
category = "dev"
description = "Getting image size from png/jpeg/jpeg2000/gif file"
name = "imagesize"
optional = false
python-versions = "*"
version = "1.0.0"

[[package]]
category = "dev"
description = "A very fast and expressive template engine."
name = "jinja2"
optional = false
python-versions = "*"
version = "2.10.3"

[package.dependencies]
MarkupSafe = ">=0.23"

[package.extras]
i18n = ["Babel (>=0.8)"]

[[package]]
category = "dev"
description = "Implements a XML/HTML/XHTML Markup safe string for Python"
name = "markupsafe"
optional = false
python-versions = "*"
version = "1.0"

[[package]]
category = "main"
description = "MongoEngine is a Python Object-Document Mapper for working with MongoDB."
name = "mongoengine"
optional = false
python-versions = "*"
version = "0.19.1"

[package.dependencies]
pymongo = ">=3.4"
six = ">=1.10.0"

[[package]]
category = "dev"
description = "nose extends unittest to make testing easier"
name = "nose"
optional = false
python-versions = "*"
version = "1.3.7"

[[package]]
category = "dev"
description = "Core utilities for Python packages"
name = "packaging"
optional = false
python-versions = "*"
version = "16.8"

[package.dependencies]
pyparsing = "*"
six = "*"

[[package]]
category = "dev"
description = "Pygments is a syntax highlighting package written in Python."
name = "pygments"
optional = false
python-versions = "*"
version = "2.3.1"

[[package]]
category = "main"
description = "Python driver for MongoDB <http://www.mongodb.org>"
name = "pymongo"
optional = false
python-versions = "*"
version = "3.10.1"

[package.extras]
encryption = ["pymongocrypt (<2.0.0)"]
gssapi = ["pykerberos"]
snappy = ["python-snappy"]
srv = ["dnspython (>=1.16.0,<1.17.0)"]
tls = ["ipaddress"]
zstd = ["zstandard"]

[[package]]
category = "dev"
description = "Python parsing module"
name = "pyparsing"
optional = false
python-versions = "*"
version = "2.3.1"

[[package]]
category = "main"
description = "World timezone definitions, modern and historical"
name = "pytz"
optional = false
python-versions = "*"
version = "2019.3"

[[package]]
category = "dev"
description = "Python HTTP for Humans."
name = "requests"
optional = false
python-versions = "*"
version = "2.18.4"

[package.dependencies]
certifi = ">=2017.4.17"
chardet = ">=3.0.2,<3.1.0"
idna = ">=2.5,<2.7"
urllib3 = ">=1.21.1,<1.23"

[package.extras]
security = ["cryptography (>=1.3.4)", "idna (>=2.0.0)", "pyOpenSSL (>=0.14)"]
socks = ["PySocks (>=1.5.6,<1.5.7 || >1.5.7)", "win-inet-pton"]

[[package]]
category = "main"
description = "Python 2 and 3 compatibility utilities"
name = "six"
optional = false
python-versions = "*"
version = "1.11.0"

[[package]]
category = "dev"
description = "This package provides 26 stemmers for 25 languages generated from Snowball algorithms."
name = "snowballstemmer"
optional = false
python-versions = "*"
version = "2.0.0"

[[package]]
category = "dev"
description = "Python documentation generator"
name = "sphinx"
optional = false
python-versions = "*"
version = "1.7.1"

[package.dependencies]
Jinja2 = ">=2.3"
Pygments = ">=2.0"
alabaster = ">=0.7,<0.8"
babel = ">=1.3,<2.0 || >2.0"
colorama = ">=0.3.5"
docutils = ">=0.11"
imagesize = "*"
packaging = "*"
requests = ">=2.0.0"
setuptools = "*"
six = ">=1.5"
snowballstemmer = ">=1.1"
sphinxcontrib-websupport = "*"

[package.dependencies.typing]
python = "<3.5"
version = "*"

[package.extras]
test = ["mock", "pytest", "pytest-cov", "html5lib", "flake8 (>=3.5.0)", "flake8-import-order", "enum34", "mypy", "typed-ast"]
websupport = ["sqlalchemy (>=0.9)", "whoosh (>=2.0)"]

[[package]]
category = "dev"
description = "Sphinx API for Web Apps"
name = "sphinxcontrib-websupport"
optional = false
python-versions = "*"
version = "1.0.1"

[package.extras]
test = ["mock", "pytest"]

[[package]]
category = "dev"
description = "Type Hints for Python"
marker = "python_version < \"3.5\""
name = "typing"
optional = false
python-versions = "*"
version = "3.7.4.1"

[[package]]
category = "dev"
description = "HTTP library with thread-safe connection pooling, file post, and more."
name = "urllib3"
optional = false
python-versions = "*"
version = "1.22"

[package.extras]
secure = ["pyOpenSSL (>=0.14)", "cryptography (>=1.3.4)", "idna (>=2.0.0)", "certifi", "ipaddress"]
socks = ["PySocks (>=1.5.6,<1.5.7 || >1.5.7,<2.0)"]

[metadata]
content-hash = "7aa39ab2ec4838c855f69edcbe3812540a1cacef3e7c6bf39bd9ddf84514a580"
python-versions = ">=2.7 || >=3.6"

[metadata.files]
alabaster = [
    {file = "alabaster-0.7.12-py2.py3-none-any.whl", hash = "sha256:446438bdcca0e05bd45ea2de1668c1d9b032e1a9154c2c259092d77031ddd359"},
    {file = "alabaster-0.7.12.tar.gz", hash = "sha256:a661d72d58e6ea8a57f7a86e37d86716863ee5e92788398526d58b26a4e4dc02"},
]
babel = [
    {file = "Babel-2.5.3-py2.py3-none-any.whl", hash = "sha256:ad209a68d7162c4cff4b29cdebe3dec4cef75492df501b0049a9433c96ce6f80"},
    {file = "Babel-2.5.3.tar.gz", hash = "sha256:8ce4cb6fdd4393edd323227cba3a077bceb2a6ce5201c902c65e730046f41f14"},
]
certifi = [
    {file = "certifi-2019.11.28-py2.py3-none-any.whl", hash = "sha256:017c25db2a153ce562900032d5bc68e9f191e44e9a0f762f373977de9df1fbb3"},
    {file = "certifi-2019.11.28.tar.gz", hash = "sha256:25b64c7da4cd7479594d035c08c2d809eb4aab3a26e5a990ea98cc450c320f1f"},
]
chardet = [
    {file = "chardet-3.0.4-py2.py3-none-any.whl", hash = "sha256:fc323ffcaeaed0e0a02bf4d117757b98aed530d9ed4531e3e15460124c106691"},
    {file = "chardet-3.0.4.tar.gz", hash = "sha256:84ab92ed1c4d4f16916e05906b6b75a6c0fb5db821cc65e70cbd64a3e2a5eaae"},
]
colorama = [
    {file = "colorama-0.3.9-py2.py3-none-any.whl", hash = "sha256:463f8483208e921368c9f306094eb6f725c6ca42b0f97e313cb5d5512459feda"},
    {file = "colorama-0.3.9.tar.gz", hash = "sha256:48eb22f4f8461b1df5734a074b57042430fb06e1d61bd1e11b078c0fe6d7a1f1"},
]
coverage = [
    {file = "coverage-4.4.2-cp26-cp26m-macosx_10_10_x86_64.whl", hash = "sha256:d1ee76f560c3c3e8faada866a07a32485445e16ed2206ac8378bd90dadffb9f0"},
    {file = "coverage-4.4.2-cp26-cp26m-manylinux1_i686.whl", hash = "sha256:007eeef7e23f9473622f7d94a3e029a45d55a92a1f083f0f3512f5ab9a669b05"},
    {file = "coverage-4.4.2-cp26-cp26m-manylinux1_x86_64.whl", hash = "sha256:17307429935f96c986a1b1674f78079528833410750321d22b5fb35d1883828e"},
    {file = "coverage-4.4.2-cp26-cp26mu-manylinux1_i686.whl", hash = "sha256:845fddf89dca1e94abe168760a38271abfc2e31863fbb4ada7f9a99337d7c3dc"},
    {file = "coverage-4.4.2-cp26-cp26mu-manylinux1_x86_64.whl", hash = "sha256:3f4d0b3403d3e110d2588c275540649b1841725f5a11a7162620224155d00ba2"},
    {file = "coverage-4.4.2-cp27-cp27m-macosx_10_12_intel.whl", hash = "sha256:4c4f368ffe1c2e7602359c2c50233269f3abe1c48ca6b288dcd0fb1d1c679733"},
    {file = "coverage-4.4.2-cp27-cp27m-macosx_10_12_x86_64.whl", hash = "sha256:f8c55dd0f56d3d618dfacf129e010cbe5d5f94b6951c1b2f13ab1a2f79c284da"},
    {file = "coverage-4.4.2-cp27-cp27m-manylinux1_i686.whl", hash = "sha256:cdd92dd9471e624cd1d8c1a2703d25f114b59b736b0f1f659a98414e535ffb3d"},
    {file = "coverage-4.4.2-cp27-cp27m-manylinux1_x86_64.whl", hash = "sha256:2ad357d12971e77360034c1596011a03f50c0f9e1ecd12e081342b8d1aee2236"},
    {file = "coverage-4.4.2-cp27-cp27m-win32.whl", hash = "sha256:700d7579995044dc724847560b78ac786f0ca292867447afda7727a6fbaa082e"},
    {file = "coverage-4.4.2-cp27-cp27m-win_amd64.whl", hash = "sha256:66f393e10dd866be267deb3feca39babba08ae13763e0fc7a1063cbe1f8e49f6"},
    {file = "coverage-4.4.2-cp27-cp27mu-manylinux1_i686.whl", hash = "sha256:e9a0e1caed2a52f15c96507ab78a48f346c05681a49c5b003172f8073da6aa6b"},
    {file = "coverage-4.4.2-cp27-cp27mu-manylinux1_x86_64.whl", hash = "sha256:eea9135432428d3ca7ee9be86af27cb8e56243f73764a9b6c3e0bda1394916be"},
    {file = "coverage-4.4.2-cp33-cp33m-macosx_10_10_x86_64.whl", hash = "sha256:5ff16548492e8a12e65ff3d55857ccd818584ed587a6c2898a9ebbe09a880674"},
    {file = "coverage-4.4.2-cp33-cp33m-manylinux1_i686.whl", hash = "sha256:d00e29b78ff610d300b2c37049a41234d48ea4f2d2581759ebcf67caaf731c31"},
    {file = "coverage-4.4.2-cp33-cp33m-manylinux1_x86_64.whl", hash = "sha256:87d942863fe74b1c3be83a045996addf1639218c2cb89c5da18c06c0fe3917ea"},
    {file = "coverage-4.4.2-cp34-cp34m-macosx_10_10_x86_64.whl", hash = "sha256:358d635b1fc22a425444d52f26287ae5aea9e96e254ff3c59c407426f44574f4"},
    {file = "coverage-4.4.2-cp34-cp34m-manylinux1_i686.whl", hash = "sha256:81912cfe276e0069dca99e1e4e6be7b06b5fc8342641c6b472cb2fed7de7ae18"},
    {file = "coverage-4.4.2-cp34-cp34m-manylinux1_x86_64.whl", hash = "sha256:079248312838c4c8f3494934ab7382a42d42d5f365f0cf7516f938dbb3f53f3f"},
    {file = "coverage-4.4.2-cp34-cp34m-win32.whl", hash = "sha256:b0059630ca5c6b297690a6bf57bf2fdac1395c24b7935fd73ee64190276b743b"},
    {file = "coverage-4.4.2-cp34-cp34m-win_amd64.whl", hash = "sha256:493082f104b5ca920e97a485913de254cbe351900deed72d4264571c73464cd0"},
    {file = "coverage-4.4.2-cp35-cp35m-macosx_10_10_x86_64.whl", hash = "sha256:e3ba9b14607c23623cf38f90b23f5bed4a3be87cbfa96e2e9f4eabb975d1e98b"},
    {file = "coverage-4.4.2-cp35-cp35m-manylinux1_i686.whl", hash = "sha256:82cbd3317320aa63c65555aa4894bf33a13fb3a77f079059eb5935eea415938d"},
    {file = "coverage-4.4.2-cp35-cp35m-manylinux1_x86_64.whl", hash = "sha256:9721f1b7275d3112dc7ccf63f0553c769f09b5c25a26ee45872c7f5c09edf6c1"},
    {file = "coverage-4.4.2-cp35-cp35m-win32.whl", hash = "sha256:bd4800e32b4c8d99c3a2c943f1ac430cbf80658d884123d19639bcde90dad44a"},
    {file = "coverage-4.4.2-cp35-cp35m-win_amd64.whl", hash = "sha256:f29841e865590af72c4b90d7b5b8e93fd560f5dea436c1d5ee8053788f9285de"},
    {file = "coverage-4.4.2-cp36-cp36m-macosx_10_12_x86_64.whl", hash = "sha256:f3a5c6d054c531536a83521c00e5d4004f1e126e2e2556ce399bef4180fbe540"},
    {file = "coverage-4.4.2-cp36-cp36m-manylinux1_i686.whl", hash = "sha256:dd707a21332615108b736ef0b8513d3edaf12d2a7d5fc26cd04a169a8ae9b526"},
    {file = "coverage-4.4.2-cp36-cp36m-manylinux1_x86_64.whl", hash = "sha256:2e1a5c6adebb93c3b175103c2f855eda957283c10cf937d791d81bef8872d6ca"},
    {file = "coverage-4.4.2-cp36-cp36m-win32.whl", hash = "sha256:f87f522bde5540d8a4b11df80058281ac38c44b13ce29ced1e294963dd51a8f8"},
    {file = "coverage-4.4.2-cp36-cp36m-win_amd64.whl", hash = "sha256:a7cfaebd8f24c2b537fa6a271229b051cdac9c1734bb6f939ccfc7c055689baa"},
    {file = "coverage-4.4.2.tar.gz", hash = "sha256:309d91bd7a35063ec7a0e4d75645488bfab3f0b66373e7722f23da7f5b0f34cc"},
    {file = "coverage-4.4.2.win-amd64-py2.7.exe", hash = "sha256:b6cebae1502ce5b87d7c6f532fa90ab345cfbda62b95aeea4e431e164d498a3d"},
    {file = "coverage-4.4.2.win-amd64-py3.4.exe", hash = "sha256:a4497faa4f1c0fc365ba05eaecfb6b5d24e3c8c72e95938f9524e29dadb15e76"},
    {file = "coverage-4.4.2.win-amd64-py3.5.exe", hash = "sha256:2b4d7f03a8a6632598cbc5df15bbca9f778c43db7cf1a838f4fa2c8599a8691a"},
    {file = "coverage-4.4.2.win-amd64-py3.6.exe", hash = "sha256:1afccd7e27cac1b9617be8c769f6d8a6d363699c9b86820f40c74cfb3328921c"},
    {file = "coverage-4.4.2.win32-py2.7.exe", hash = "sha256:0388c12539372bb92d6dde68b4627f0300d948965bbb7fc104924d715fdc0965"},
    {file = "coverage-4.4.2.win32-py3.4.exe", hash = "sha256:ab3508df9a92c1d3362343d235420d08e2662969b83134f8a97dc1451cbe5e84"},
    {file = "coverage-4.4.2.win32-py3.5.exe", hash = "sha256:43a155eb76025c61fc20c3d03b89ca28efa6f5be572ab6110b2fb68eda96bfea"},
    {file = "coverage-4.4.2.win32-py3.6.exe", hash = "sha256:f98b461cb59f117887aa634a66022c0bd394278245ed51189f63a036516e32de"},
]
django = [
    {file = "Django-1.11.28-py2.py3-none-any.whl", hash = "sha256:a3b01cdff845a43830d7ccacff55e0b8ff08305a4cbf894517a686e53ba3ad2d"},
    {file = "Django-1.11.28.tar.gz", hash = "sha256:b33ce35f47f745fea6b5aa3cf3f4241069803a3712d423ac748bd673a39741eb"},
]
docutils = [
    {file = "docutils-0.15-py3-none-any.whl", hash = "sha256:d2ddba74835cb090a1b627d3de4e7835c628d07ee461f7b4480f51af2fe4d448"},
    {file = "docutils-0.15.post1-py2-none-any.whl", hash = "sha256:ba4584f9107571ced0d2c7f56a5499c696215ba90797849c92d395979da68521"},
    {file = "docutils-0.15.tar.gz", hash = "sha256:54a349c622ff31c91cbec43b0b512f113b5b24daf00e2ea530bb1bd9aac14849"},
]
idna = [
    {file = "idna-2.6-py2.py3-none-any.whl", hash = "sha256:8c7309c718f94b3a625cb648ace320157ad16ff131ae0af362c9f21b80ef6ec4"},
    {file = "idna-2.6.tar.gz", hash = "sha256:2c6a5de3089009e3da7c5dde64a141dbc8551d5b7f6cf4ed7c2568d0cc520a8f"},
]
imagesize = [
    {file = "imagesize-1.0.0-py2.py3-none-any.whl", hash = "sha256:3620cc0cadba3f7475f9940d22431fc4d407269f1be59ec9b8edcca26440cf18"},
    {file = "imagesize-1.0.0.tar.gz", hash = "sha256:5b326e4678b6925158ccc66a9fa3122b6106d7c876ee32d7de6ce59385b96315"},
]
jinja2 = [
    {file = "Jinja2-2.10.3-py2.py3-none-any.whl", hash = "sha256:74320bb91f31270f9551d46522e33af46a80c3d619f4a4bf42b3164d30b5911f"},
    {file = "Jinja2-2.10.3.tar.gz", hash = "sha256:9fe95f19286cfefaa917656583d020be14e7859c6b0252588391e47db34527de"},
]
markupsafe = [
    {file = "MarkupSafe-1.0.tar.gz", hash = "sha256:a6be69091dac236ea9c6bc7d012beab42010fa914c459791d627dad4910eb665"},
]
mongoengine = [
    {file = "mongoengine-0.19.1-py2-none-any.whl", hash = "sha256:6796df3f7458fb1643812c0b58ccad201da0af935ddd4159604c5ca769b9abb6"},
    {file = "mongoengine-0.19.1.tar.gz", hash = "sha256:65f6cc48cbaac5ecd518dcec725d9c312286796510a9d93a4388a53811a294b9"},
]
nose = [
    {file = "nose-1.3.7-py2-none-any.whl", hash = "sha256:dadcddc0aefbf99eea214e0f1232b94f2fa9bd98fa8353711dacb112bfcbbb2a"},
    {file = "nose-1.3.7-py3-none-any.whl", hash = "sha256:9ff7c6cc443f8c51994b34a667bbcf45afd6d945be7477b52e97516fd17c53ac"},
    {file = "nose-1.3.7.tar.gz", hash = "sha256:f1bffef9cbc82628f6e7d7b40d7e255aefaa1adb6a1b1d26c69a8b79e6208a98"},
]
packaging = [
    {file = "packaging-16.8-py2.py3-none-any.whl", hash = "sha256:99276dc6e3a7851f32027a68f1095cd3f77c148091b092ea867a351811cfe388"},
    {file = "packaging-16.8.tar.gz", hash = "sha256:5d50835fdf0a7edf0b55e311b7c887786504efea1177abd7e69329a8e5ea619e"},
]
pygments = [
    {file = "Pygments-2.3.1-py2.py3-none-any.whl", hash = "sha256:e8218dd399a61674745138520d0d4cf2621d7e032439341bc3f647bff125818d"},
    {file = "Pygments-2.3.1.tar.gz", hash = "sha256:5ffada19f6203563680669ee7f53b64dabbeb100eb51b61996085e99c03b284a"},
]
pymongo = [
    {file = "pymongo-3.10.1-cp27-cp27m-macosx_10_14_intel.whl", hash = "sha256:a732838c78554c1257ff2492f5c8c4c7312d0aecd7f732149e255f3749edd5ee"},
    {file = "pymongo-3.10.1-cp27-cp27m-manylinux1_i686.whl", hash = "sha256:358ba4693c01022d507b96a980ded855a32dbdccc3c9331d0667be5e967f30ed"},
    {file = "pymongo-3.10.1-cp27-cp27m-manylinux1_x86_64.whl", hash = "sha256:334ef3ffd0df87ea83a0054454336159f8ad9c1b389e19c0032d9cb8410660e6"},
    {file = "pymongo-3.10.1-cp27-cp27m-win32.whl", hash = "sha256:e5c54f04ca42bbb5153aec5d4f2e3d9f81e316945220ac318abd4083308143f5"},
    {file = "pymongo-3.10.1-cp27-cp27m-win_amd64.whl", hash = "sha256:e334c4f39a2863a239d38b5829e442a87f241a92da9941861ee6ec5d6380b7fe"},
    {file = "pymongo-3.10.1-cp27-cp27mu-manylinux1_i686.whl", hash = "sha256:a0794e987d55d2f719cc95fcf980fc62d12b80e287e6a761c4be14c60bd9fecc"},
    {file = "pymongo-3.10.1-cp27-cp27mu-manylinux1_x86_64.whl", hash = "sha256:bbf47110765b2a999803a7de457567389253f8670f7daafb98e059c899ce9764"},
    {file = "pymongo-3.10.1-cp34-cp34m-macosx_10_6_intel.whl", hash = "sha256:56fa55032782b7f8e0bf6956420d11e2d4e9860598dfe9c504edec53af0fc372"},
    {file = "pymongo-3.10.1-cp34-cp34m-manylinux1_i686.whl", hash = "sha256:da2c3220eb55c4239dd8b982e213da0b79023cac59fe54ca09365f2bc7e4ad32"},
    {file = "pymongo-3.10.1-cp34-cp34m-manylinux1_x86_64.whl", hash = "sha256:0fc5aa1b1acf7f61af46fe0414e6a4d0c234b339db4c03a63da48599acf1cbfc"},
    {file = "pymongo-3.10.1-cp34-cp34m-win32.whl", hash = "sha256:2f07b27dbf303ea53f4147a7922ce91a26b34a0011131471d8aaf73151fdee9a"},
    {file = "pymongo-3.10.1-cp34-cp34m-win_amd64.whl", hash = "sha256:7aef381bb9ae8a3821abd7f9d4d93978dbd99072b48522e181baeffcd95b56ae"},
    {file = "pymongo-3.10.1-cp35-cp35m-macosx_10_6_intel.whl", hash = "sha256:47a00b22c52ee59dffc2aad02d0bbfb20c26ec5b8de8900492bf13ad6901cf35"},
    {file = "pymongo-3.10.1-cp35-cp35m-manylinux1_i686.whl", hash = "sha256:7abc3a6825a346fa4621a6f63e3b662bbb9e0f6ffc32d30a459d695f20fb1a8b"},
    {file = "pymongo-3.10.1-cp35-cp35m-manylinux1_x86_64.whl", hash = "sha256:9c0a57390549affc2b5dda24a38de03a5c7cbc58750cd161ff5d106c3c6eec80"},
    {file = "pymongo-3.10.1-cp35-cp35m-manylinux2014_aarch64.whl", hash = "sha256:e2b46e092ea54b732d98c476720386ff2ccd126de1e52076b470b117bff7e409"},
    {file = "pymongo-3.10.1-cp35-cp35m-manylinux2014_i686.whl", hash = "sha256:63752a72ca4d4e1386278bd43d14232f51718b409e7ac86bcf8810826b531113"},
    {file = "pymongo-3.10.1-cp35-cp35m-manylinux2014_ppc64le.whl", hash = "sha256:b070a4f064a9edb70f921bfdc270725cff7a78c22036dd37a767c51393fb956f"},
    {file = "pymongo-3.10.1-cp35-cp35m-manylinux2014_s390x.whl", hash = "sha256:6fdc5ccb43864065d40dd838437952e9e3da9821b7eac605ba46ada77f846bdf"},
    {file = "pymongo-3.10.1-cp35-cp35m-manylinux2014_x86_64.whl", hash = "sha256:a676bd2fbc2309092b9bbb0083d35718b5420af3a42135ebb1e4c3633f56604d"},
    {file = "pymongo-3.10.1-cp35-cp35m-win32.whl", hash = "sha256:c9ca545e93a9c2a3bdaa2e6e21f7a43267ff0813e8055adf2b591c13164c0c57"},
    {file = "pymongo-3.10.1-cp35-cp35m-win_amd64.whl", hash = "sha256:316f0cf543013d0c085e15a2c8abe0db70f93c9722c0f99b6f3318ff69477d70"},
    {file = "pymongo-3.10.1-cp36-cp36m-macosx_10_9_x86_64.whl", hash = "sha256:2a3c7ad01553b27ec553688a1e6445e7f40355fb37d925c11fcb50b504e367f8"},
    {file = "pymongo-3.10.1-cp36-cp36m-manylinux1_i686.whl", hash = "sha256:444bf2f44264578c4085bb04493bfed0e5c1b4fe7c2704504d769f955cc78fe4"},
    {file = "pymongo-3.10.1-cp36-cp36m-manylinux1_x86_64.whl", hash = "sha256:f96333f9d2517c752c20a35ff95de5fc2763ac8cdb1653df0f6f45d281620606"},
    {file = "pymongo-3.10.1-cp36-cp36m-manylinux2014_aarch64.whl", hash = "sha256:a60756d55f0887023b3899e6c2923ba5f0042fb11b1d17810b4e07395404f33e"},
    {file = "pymongo-3.10.1-cp36-cp36m-manylinux2014_i686.whl", hash = "sha256:95f970f34b59987dee6f360d2e7d30e181d58957b85dff929eee4423739bd151"},
    {file = "pymongo-3.10.1-cp36-cp36m-manylinux2014_ppc64le.whl", hash = "sha256:619ac9aaf681434b4d4718d1b31aa2f0fce64f2b3f8435688fcbdc0c818b6c54"},
    {file = "pymongo-3.10.1-cp36-cp36m-manylinux2014_s390x.whl", hash = "sha256:19adf2848b80cb349b9891cc854581bbf24c338be9a3260e73159bdeb2264464"},
    {file = "pymongo-3.10.1-cp36-cp36m-manylinux2014_x86_64.whl", hash = "sha256:26e707a4eb851ec27bb969b5f1413b9b2eac28fe34271fa72329100317ea7c73"},
    {file = "pymongo-3.10.1-cp36-cp36m-win32.whl", hash = "sha256:18e84a3ec5e73adcb4187b8e5541b2ad61d716026ed9863267e650300d8bea33"},
    {file = "pymongo-3.10.1-cp36-cp36m-win_amd64.whl", hash = "sha256:568d6bee70652d8a5af1cd3eec48b4ca1696fb1773b80719ebbd2925b72cb8f6"},
    {file = "pymongo-3.10.1-cp37-cp37m-macosx_10_9_x86_64.whl", hash = "sha256:b6da85949aa91e9f8c521681344bd2e163de894a5492337fba8b05c409225a4f"},
    {file = "pymongo-3.10.1-cp37-cp37m-manylinux1_i686.whl", hash = "sha256:01b4e10027aef5bb9ecefbc26f5df3368ce34aef81df43850f701e716e3fe16d"},
    {file = "pymongo-3.10.1-cp37-cp37m-manylinux1_x86_64.whl", hash = "sha256:26798795097bdeb571f13942beef7e0b60125397811c75b7aa9214d89880dd1d"},
    {file = "pymongo-3.10.1-cp37-cp37m-manylinux2014_aarch64.whl", hash = "sha256:3a6568bc53103df260f5c7d2da36dffc5202b9a36c85540bba1836a774943794"},
    {file = "pymongo-3.10.1-cp37-cp37m-manylinux2014_i686.whl", hash = "sha256:c4aef42e5fa4c9d5a99f751fb79caa880dac7eaf8a65121549318b984676a1b7"},
    {file = "pymongo-3.10.1-cp37-cp37m-manylinux2014_ppc64le.whl", hash = "sha256:61235cc39b5b2f593086d1d38f3fc130b2d125bd8fc8621d35bc5b6bdeb92bd2"},
    {file = "pymongo-3.10.1-cp37-cp37m-manylinux2014_s390x.whl", hash = "sha256:c06b3f998d2d7160db58db69adfb807d2ec307e883e2f17f6b87a1ef6c723f11"},
    {file = "pymongo-3.10.1-cp37-cp37m-manylinux2014_x86_64.whl", hash = "sha256:4c067db43b331fc709080d441cb2e157114fec60749667d12186cc3fc8e7a951"},
    {file = "pymongo-3.10.1-cp37-cp37m-win32.whl", hash = "sha256:c318fb70542be16d3d4063cde6010b1e4d328993a793529c15a619251f517c39"},
    {file = "pymongo-3.10.1-cp37-cp37m-win_amd64.whl", hash = "sha256:4c092310f804a5d45a1bcaa4191d6d016c457b6ed3982a622c35f729ff1c7f6b"},
    {file = "pymongo-3.10.1-cp38-cp38-macosx_10_9_x86_64.whl", hash = "sha256:dd8055da300535eefd446b30995c0813cc4394873c9509323762a93e97c04c03"},
    {file = "pymongo-3.10.1-cp38-cp38-manylinux1_i686.whl", hash = "sha256:6238ac1f483494011abde5286282afdfacd8926659e222ba9b74c67008d3a58c"},
    {file = "pymongo-3.10.1-cp38-cp38-manylinux1_x86_64.whl", hash = "sha256:53b711b33134e292ef8499835a3df10909c58df53a2a0308f598c432e9a62892"},
    {file = "pymongo-3.10.1-cp38-cp38-manylinux2014_aarch64.whl", hash = "sha256:20ee0475aa2ba437b0a14806f125d696f90a8433d820fb558fdd6f052acde103"},
    {file = "pymongo-3.10.1-cp38-cp38-manylinux2014_i686.whl", hash = "sha256:80df3caf251fe61a3f0c9614adc6e2bfcffd1cd3345280896766712fb4b4d6d7"},
    {file = "pymongo-3.10.1-cp38-cp38-manylinux2014_ppc64le.whl", hash = "sha256:a3b98121e68bf370dd8ea09df67e916f93ea95b52fc010902312168c4d1aff5d"},
    {file = "pymongo-3.10.1-cp38-cp38-manylinux2014_s390x.whl", hash = "sha256:1396eb7151e0558b1f817e4b9d7697d5599e5c40d839a9f7270bd90af994ad82"},
    {file = "pymongo-3.10.1-cp38-cp38-manylinux2014_x86_64.whl", hash = "sha256:ae65d65fde4135ef423a2608587c9ef585a3551fc2e4e431e7c7e527047581be"},
    {file = "pymongo-3.10.1-cp38-cp38-win32.whl", hash = "sha256:31d11a600eea0c60de22c8bdcb58cda63c762891facdcb74248c36713240987f"},
    {file = "pymongo-3.10.1-cp38-cp38-win_amd64.whl", hash = "sha256:5a2c492680c61b440272341294172fa3b3751797b1ab983533a770e4fb0a67ac"},
    {file = "pymongo-3.10.1-py2.7-macosx-10.14-intel.egg", hash = "sha256:bd9c1e6f92b4888ae3ef7ae23262c513b962f09f3fb3b48581dde5df7d7a860a"},
    {file = "pymongo-3.10.1-py2.7-win-amd64.egg", hash = "sha256:ad3dc88dfe61f0f1f9b99c6bc833ea2f45203a937a18f0d2faa57c6952656012"},
    {file = "pymongo-3.10.1-py2.7-win32.egg", hash = "sha256:f4d06764a06b137e48db6d569dc95614d9d225c89842c885669ee8abc9f28c7a"},
    {file = "pymongo-3.10.1.tar.gz", hash = "sha256:993257f6ca3cde55332af1f62af3e04ca89ce63c08b56a387cdd46136c72f2fa"},
]
pyparsing = [
    {file = "pyparsing-2.3.1-py2.py3-none-any.whl", hash = "sha256:f6c5ef0d7480ad048c054c37632c67fca55299990fff127850181659eea33fc3"},
    {file = "pyparsing-2.3.1.tar.gz", hash = "sha256:66c9268862641abcac4a96ba74506e594c884e3f57690a696d21ad8210ed667a"},
]
pytz = [
    {file = "pytz-2019.3-py2.py3-none-any.whl", hash = "sha256:1c557d7d0e871de1f5ccd5833f60fb2550652da6be2693c1e02300743d21500d"},
    {file = "pytz-2019.3.tar.gz", hash = "sha256:b02c06db6cf09c12dd25137e563b31700d3b80fcc4ad23abb7a315f2789819be"},
]
requests = [
    {file = "requests-2.18.4-py2.py3-none-any.whl", hash = "sha256:6a1b267aa90cac58ac3a765d067950e7dbbf75b1da07e895d1f594193a40a38b"},
    {file = "requests-2.18.4.tar.gz", hash = "sha256:9c443e7324ba5b85070c4a818ade28bfabedf16ea10206da1132edaa6dda237e"},
]
six = [
    {file = "six-1.11.0-py2.py3-none-any.whl", hash = "sha256:832dc0e10feb1aa2c68dcc57dbb658f1c7e65b9b61af69048abc87a2db00a0eb"},
    {file = "six-1.11.0.tar.gz", hash = "sha256:70e8a77beed4562e7f14fe23a786b54f6296e34344c23bc42f07b15018ff98e9"},
]
snowballstemmer = [
    {file = "snowballstemmer-2.0.0-py2.py3-none-any.whl", hash = "sha256:209f257d7533fdb3cb73bdbd24f436239ca3b2fa67d56f6ff88e86be08cc5ef0"},
    {file = "snowballstemmer-2.0.0.tar.gz", hash = "sha256:df3bac3df4c2c01363f3dd2cfa78cce2840a79b9f1c2d2de9ce8d31683992f52"},
]
sphinx = [
    {file = "Sphinx-1.7.1-py2.py3-none-any.whl", hash = "sha256:41ae26acc6130ccf6ed47e5cca73742b80d55a134f0ab897c479bba8d3640b8e"},
    {file = "Sphinx-1.7.1.tar.gz", hash = "sha256:da987de5fcca21a4acc7f67a86a363039e67ac3e8827161e61b91deb131c0ee8"},
]
sphinxcontrib-websupport = [
    {file = "sphinxcontrib-websupport-1.0.1.tar.gz", hash = "sha256:7a85961326aa3a400cd4ad3c816d70ed6f7c740acd7ce5d78cd0a67825072eb9"},
    {file = "sphinxcontrib_websupport-1.0.1-py2.py3-none-any.whl", hash = "sha256:f4932e95869599b89bf4f80fc3989132d83c9faa5bf633e7b5e0c25dffb75da2"},
]
typing = [
    {file = "typing-3.7.4.1-py2-none-any.whl", hash = "sha256:c8cabb5ab8945cd2f54917be357d134db9cc1eb039e59d1606dc1e60cb1d9d36"},
    {file = "typing-3.7.4.1-py3-none-any.whl", hash = "sha256:f38d83c5a7a7086543a0f649564d661859c5146a85775ab90c0d2f93ffaa9714"},
    {file = "typing-3.7.4.1.tar.gz", hash = "sha256:91dfe6f3f706ee8cc32d38edbbf304e9b7583fb37108fef38229617f8b3eba23"},
]
urllib3 = [
    {file = "urllib3-1.22-py2.py3-none-any.whl", hash = "sha256:06330f386d6e4b195fbfc736b297f58c5a892e4440e54d294d7004e3a9bbea1b"},
    {file = "urllib3-1.22.tar.gz", hash = "sha256:cc44da8e1145637334317feebd728bd869a35285b93cbb4cca2577da7e62db4f"},
]
